// !$*UTF8*$!
{
	archiveVersion = 1;
	classes = {
	};
	objectVersion = 56;
	objects = {

/* Begin PBXBuildFile section */
		BD0A51F72AAF97B3006BDB87 /* testApp.swift in Sources */ = {isa = PBXBuildFile; fileRef = BD0A51F62AAF97B3006BDB87 /* testApp.swift */; };
		BD0A51F92AAF97B3006BDB87 /* ContentView.swift in Sources */ = {isa = PBXBuildFile; fileRef = BD0A51F82AAF97B3006BDB87 /* ContentView.swift */; };
		BD0A51FB2AAF97B3006BDB87 /* Item.swift in Sources */ = {isa = PBXBuildFile; fileRef = BD0A51FA2AAF97B3006BDB87 /* Item.swift */; };
		BD0A51FD2AAF97B4006BDB87 /* Assets.xcassets in Resources */ = {isa = PBXBuildFile; fileRef = BD0A51FC2AAF97B4006BDB87 /* Assets.xcassets */; };
		BD0A52012AAF97B4006BDB87 /* Preview Assets.xcassets in Resources */ = {isa = PBXBuildFile; fileRef = BD0A52002AAF97B4006BDB87 /* Preview Assets.xcassets */; };
		BD0A520B2AAF97B4006BDB87 /* testTests.swift in Sources */ = {isa = PBXBuildFile; fileRef = BD0A520A2AAF97B4006BDB87 /* testTests.swift */; };
		BD0A52152AAF97B4006BDB87 /* testUITests.swift in Sources */ = {isa = PBXBuildFile; fileRef = BD0A52142AAF97B4006BDB87 /* testUITests.swift */; };
		BD0A52172AAF97B4006BDB87 /* testUITestsLaunchTests.swift in Sources */ = {isa = PBXBuildFile; fileRef = BD0A52162AAF97B4006BDB87 /* testUITestsLaunchTests.swift */; };
/* End PBXBuildFile section */

/* Begin PBXContainerItemProxy section */
		BD0A52072AAF97B4006BDB87 /* PBXContainerItemProxy */ = {
			isa = PBXContainerItemProxy;
			containerPortal = BD0A51EB2AAF97B3006BDB87 /* Project object */;
			proxyType = 1;
			remoteGlobalIDString = BD0A51F22AAF97B3006BDB87;
			remoteInfo = test;
		};
		BD0A52112AAF97B4006BDB87 /* PBXContainerItemProxy */ = {
			isa = PBXContainerItemProxy;
			containerPortal = BD0A51EB2AAF97B3006BDB87 /* Project object */;
			proxyType = 1;
			remoteGlobalIDString = BD0A51F22AAF97B3006BDB87;
			remoteInfo = test;
		};
/* End PBXContainerItemProxy section */

/* Begin PBXFileReference section */
		BD0A51F32AAF97B3006BDB87 /* test.app */ = {isa = PBXFileReference; explicitFileType = wrapper.application; includeInIndex = 0; path = test.app; sourceTree = BUILT_PRODUCTS_DIR; };
		BD0A51F62AAF97B3006BDB87 /* testApp.swift */ = {isa = PBXFileReference; lastKnownFileType = sourcecode.swift; path = testApp.swift; sourceTree = "<group>"; };
		BD0A51F82AAF97B3006BDB87 /* ContentView.swift */ = {isa = PBXFileReference; lastKnownFileType = sourcecode.swift; path = ContentView.swift; sourceTree = "<group>"; };
		BD0A51FA2AAF97B3006BDB87 /* Item.swift */ = {isa = PBXFileReference; lastKnownFileType = sourcecode.swift; path = Item.swift; sourceTree = "<group>"; };
		BD0A51FC2AAF97B4006BDB87 /* Assets.xcassets */ = {isa = PBXFileReference; lastKnownFileType = folder.assetcatalog; path = Assets.xcassets; sourceTree = "<group>"; };
		BD0A51FE2AAF97B4006BDB87 /* test.entitlements */ = {isa = PBXFileReference; lastKnownFileType = text.plist.entitlements; path = test.entitlements; sourceTree = "<group>"; };
		BD0A52002AAF97B4006BDB87 /* Preview Assets.xcassets */ = {isa = PBXFileReference; lastKnownFileType = folder.assetcatalog; path = "Preview Assets.xcassets"; sourceTree = "<group>"; };
		BD0A52062AAF97B4006BDB87 /* testTests.xctest */ = {isa = PBXFileReference; explicitFileType = wrapper.cfbundle; includeInIndex = 0; path = testTests.xctest; sourceTree = BUILT_PRODUCTS_DIR; };
		BD0A520A2AAF97B4006BDB87 /* testTests.swift */ = {isa = PBXFileReference; lastKnownFileType = sourcecode.swift; path = testTests.swift; sourceTree = "<group>"; };
		BD0A52102AAF97B4006BDB87 /* testUITests.xctest */ = {isa = PBXFileReference; explicitFileType = wrapper.cfbundle; includeInIndex = 0; path = testUITests.xctest; sourceTree = BUILT_PRODUCTS_DIR; };
		BD0A52142AAF97B4006BDB87 /* testUITests.swift */ = {isa = PBXFileReference; lastKnownFileType = sourcecode.swift; path = testUITests.swift; sourceTree = "<group>"; };
		BD0A52162AAF97B4006BDB87 /* testUITestsLaunchTests.swift */ = {isa = PBXFileReference; lastKnownFileType = sourcecode.swift; path = testUITestsLaunchTests.swift; sourceTree = "<group>"; };
/* End PBXFileReference section */

/* Begin PBXFrameworksBuildPhase section */
		BD0A51F02AAF97B3006BDB87 /* Frameworks */ = {
			isa = PBXFrameworksBuildPhase;
			buildActionMask = 2147483647;
			files = (
			);
			runOnlyForDeploymentPostprocessing = 0;
		};
		BD0A52032AAF97B4006BDB87 /* Frameworks */ = {
			isa = PBXFrameworksBuildPhase;
			buildActionMask = 2147483647;
			files = (
			);
			runOnlyForDeploymentPostprocessing = 0;
		};
		BD0A520D2AAF97B4006BDB87 /* Frameworks */ = {
			isa = PBXFrameworksBuildPhase;
			buildActionMask = 2147483647;
			files = (
			);
			runOnlyForDeploymentPostprocessing = 0;
		};
/* End PBXFrameworksBuildPhase section */

/* Begin PBXGroup section */
		BD0A51EA2AAF97B3006BDB87 = {
			isa = PBXGroup;
			children = (
				BD0A51F52AAF97B3006BDB87 /* test */,
				BD0A52092AAF97B4006BDB87 /* testTests */,
				BD0A52132AAF97B4006BDB87 /* testUITests */,
				BD0A51F42AAF97B3006BDB87 /* Products */,
			);
			sourceTree = "<group>";
		};
		BD0A51F42AAF97B3006BDB87 /* Products */ = {
			isa = PBXGroup;
			children = (
				BD0A51F32AAF97B3006BDB87 /* test.app */,
				BD0A52062AAF97B4006BDB87 /* testTests.xctest */,
				BD0A52102AAF97B4006BDB87 /* testUITests.xctest */,
			);
			name = Products;
			sourceTree = "<group>";
		};
		BD0A51F52AAF97B3006BDB87 /* test */ = {
			isa = PBXGroup;
			children = (
				BD0A51F62AAF97B3006BDB87 /* testApp.swift */,
				BD0A51F82AAF97B3006BDB87 /* ContentView.swift */,
				BD0A51FA2AAF97B3006BDB87 /* Item.swift */,
				BD0A51FC2AAF97B4006BDB87 /* Assets.xcassets */,
				BD0A51FE2AAF97B4006BDB87 /* test.entitlements */,
				BD0A51FF2AAF97B4006BDB87 /* Preview Content */,
			);
			path = test;
			sourceTree = "<group>";
		};
		BD0A51FF2AAF97B4006BDB87 /* Preview Content */ = {
			isa = PBXGroup;
			children = (
				BD0A52002AAF97B4006BDB87 /* Preview Assets.xcassets */,
			);
			path = "Preview Content";
			sourceTree = "<group>";
		};
		BD0A52092AAF97B4006BDB87 /* testTests */ = {
			isa = PBXGroup;
			children = (
				BD0A520A2AAF97B4006BDB87 /* testTests.swift */,
			);
			path = testTests;
			sourceTree = "<group>";
		};
		BD0A52132AAF97B4006BDB87 /* testUITests */ = {
			isa = PBXGroup;
			children = (
				BD0A52142AAF97B4006BDB87 /* testUITests.swift */,
				BD0A52162AAF97B4006BDB87 /* testUITestsLaunchTests.swift */,
			);
			path = testUITests;
			sourceTree = "<group>";
		};
/* End PBXGroup section */

/* Begin PBXNativeTarget section */
		BD0A51F22AAF97B3006BDB87 /* test */ = {
			isa = PBXNativeTarget;
			buildConfigurationList = BD0A521A2AAF97B4006BDB87 /* Build configuration list for PBXNativeTarget "test" */;
			buildPhases = (
				BD0A51EF2AAF97B3006BDB87 /* Sources */,
				BD0A51F02AAF97B3006BDB87 /* Frameworks */,
				BD0A51F12AAF97B3006BDB87 /* Resources */,
			);
			buildRules = (
			);
			dependencies = (
			);
			name = test;
			productName = test;
			productReference = BD0A51F32AAF97B3006BDB87 /* test.app */;
			productType = "com.apple.product-type.application";
		};
		BD0A52052AAF97B4006BDB87 /* testTests */ = {
			isa = PBXNativeTarget;
			buildConfigurationList = BD0A521D2AAF97B4006BDB87 /* Build configuration list for PBXNativeTarget "testTests" */;
			buildPhases = (
				BD0A52022AAF97B4006BDB87 /* Sources */,
				BD0A52032AAF97B4006BDB87 /* Frameworks */,
				BD0A52042AAF97B4006BDB87 /* Resources */,
			);
			buildRules = (
			);
			dependencies = (
				BD0A52082AAF97B4006BDB87 /* PBXTargetDependency */,
			);
			name = testTests;
			productName = testTests;
			productReference = BD0A52062AAF97B4006BDB87 /* testTests.xctest */;
			productType = "com.apple.product-type.bundle.unit-test";
		};
		BD0A520F2AAF97B4006BDB87 /* testUITests */ = {
			isa = PBXNativeTarget;
			buildConfigurationList = BD0A52202AAF97B4006BDB87 /* Build configuration list for PBXNativeTarget "testUITests" */;
			buildPhases = (
				BD0A520C2AAF97B4006BDB87 /* Sources */,
				BD0A520D2AAF97B4006BDB87 /* Frameworks */,
				BD0A520E2AAF97B4006BDB87 /* Resources */,
			);
			buildRules = (
			);
			dependencies = (
				BD0A52122AAF97B4006BDB87 /* PBXTargetDependency */,
			);
			name = testUITests;
			productName = testUITests;
			productReference = BD0A52102AAF97B4006BDB87 /* testUITests.xctest */;
			productType = "com.apple.product-type.bundle.ui-testing";
		};
/* End PBXNativeTarget section */

/* Begin PBXProject section */
		BD0A51EB2AAF97B3006BDB87 /* Project object */ = {
			isa = PBXProject;
			attributes = {
				BuildIndependentTargetsInParallel = 1;
				LastSwiftUpdateCheck = 1500;
				LastUpgradeCheck = 1500;
				TargetAttributes = {
					BD0A51F22AAF97B3006BDB87 = {
						CreatedOnToolsVersion = 15.0;
					};
					BD0A52052AAF97B4006BDB87 = {
						CreatedOnToolsVersion = 15.0;
						TestTargetID = BD0A51F22AAF97B3006BDB87;
					};
					BD0A520F2AAF97B4006BDB87 = {
						CreatedOnToolsVersion = 15.0;
						TestTargetID = BD0A51F22AAF97B3006BDB87;
					};
				};
			};
			buildConfigurationList = BD0A51EE2AAF97B3006BDB87 /* Build configuration list for PBXProject "test" */;
			compatibilityVersion = "Xcode 14.0";
			developmentRegion = en;
			hasScannedForEncodings = 0;
			knownRegions = (
				en,
				Base,
			);
			mainGroup = BD0A51EA2AAF97B3006BDB87;
			productRefGroup = BD0A51F42AAF97B3006BDB87 /* Products */;
			projectDirPath = "";
			projectRoot = "";
			targets = (
				BD0A51F22AAF97B3006BDB87 /* test */,
				BD0A52052AAF97B4006BDB87 /* testTests */,
				BD0A520F2AAF97B4006BDB87 /* testUITests */,
			);
		};
/* End PBXProject section */

/* Begin PBXResourcesBuildPhase section */
		BD0A51F12AAF97B3006BDB87 /* Resources */ = {
			isa = PBXResourcesBuildPhase;
			buildActionMask = 2147483647;
			files = (
				BD0A52012AAF97B4006BDB87 /* Preview Assets.xcassets in Resources */,
				BD0A51FD2AAF97B4006BDB87 /* Assets.xcassets in Resources */,
			);
			runOnlyForDeploymentPostprocessing = 0;
		};
		BD0A52042AAF97B4006BDB87 /* Resources */ = {
			isa = PBXResourcesBuildPhase;
			buildActionMask = 2147483647;
			files = (
			);
			runOnlyForDeploymentPostprocessing = 0;
		};
		BD0A520E2AAF97B4006BDB87 /* Resources */ = {
			isa = PBXResourcesBuildPhase;
			buildActionMask = 2147483647;
			files = (
			);
			runOnlyForDeploymentPostprocessing = 0;
		};
/* End PBXResourcesBuildPhase section */

/* Begin PBXSourcesBuildPhase section */
		BD0A51EF2AAF97B3006BDB87 /* Sources */ = {
			isa = PBXSourcesBuildPhase;
			buildActionMask = 2147483647;
			files = (
				BD0A51F92AAF97B3006BDB87 /* ContentView.swift in Sources */,
				BD0A51FB2AAF97B3006BDB87 /* Item.swift in Sources */,
				BD0A51F72AAF97B3006BDB87 /* testApp.swift in Sources */,
			);
			runOnlyForDeploymentPostprocessing = 0;
		};
		BD0A52022AAF97B4006BDB87 /* Sources */ = {
			isa = PBXSourcesBuildPhase;
			buildActionMask = 2147483647;
			files = (
				BD0A520B2AAF97B4006BDB87 /* testTests.swift in Sources */,
			);
			runOnlyForDeploymentPostprocessing = 0;
		};
		BD0A520C2AAF97B4006BDB87 /* Sources */ = {
			isa = PBXSourcesBuildPhase;
			buildActionMask = 2147483647;
			files = (
				BD0A52172AAF97B4006BDB87 /* testUITestsLaunchTests.swift in Sources */,
				BD0A52152AAF97B4006BDB87 /* testUITests.swift in Sources */,
			);
			runOnlyForDeploymentPostprocessing = 0;
		};
/* End PBXSourcesBuildPhase section */

/* Begin PBXTargetDependency section */
		BD0A52082AAF97B4006BDB87 /* PBXTargetDependency */ = {
			isa = PBXTargetDependency;
			target = BD0A51F22AAF97B3006BDB87 /* test */;
			targetProxy = BD0A52072AAF97B4006BDB87 /* PBXContainerItemProxy */;
		};
		BD0A52122AAF97B4006BDB87 /* PBXTargetDependency */ = {
			isa = PBXTargetDependency;
			target = BD0A51F22AAF97B3006BDB87 /* test */;
			targetProxy = BD0A52112AAF97B4006BDB87 /* PBXContainerItemProxy */;
		};
/* End PBXTargetDependency section */

/* Begin XCBuildConfiguration section */
		BD0A52182AAF97B4006BDB87 /* Debug */ = {
			isa = XCBuildConfiguration;
			buildSettings = {
				ALWAYS_SEARCH_USER_PATHS = NO;
				ASSETCATALOG_COMPILER_GENERATE_SWIFT_ASSET_SYMBOL_EXTENSIONS = YES;
				CLANG_ANALYZER_NONNULL = YES;
				CLANG_ANALYZER_NUMBER_OBJECT_CONVERSION = YES_AGGRESSIVE;
				CLANG_CXX_LANGUAGE_STANDARD = "gnu++20";
				CLANG_ENABLE_MODULES = YES;
				CLANG_ENABLE_OBJC_ARC = YES;
				CLANG_ENABLE_OBJC_WEAK = YES;
				CLANG_WARN_BLOCK_CAPTURE_AUTORELEASING = YES;
				CLANG_WARN_BOOL_CONVERSION = YES;
				CLANG_WARN_COMMA = YES;
				CLANG_WARN_CONSTANT_CONVERSION = YES;
				CLANG_WARN_DEPRECATED_OBJC_IMPLEMENTATIONS = YES;
				CLANG_WARN_DIRECT_OBJC_ISA_USAGE = YES_ERROR;
				CLANG_WARN_DOCUMENTATION_COMMENTS = YES;
				CLANG_WARN_EMPTY_BODY = YES;
				CLANG_WARN_ENUM_CONVERSION = YES;
				CLANG_WARN_INFINITE_RECURSION = YES;
				CLANG_WARN_INT_CONVERSION = YES;
				CLANG_WARN_NON_LITERAL_NULL_CONVERSION = YES;
				CLANG_WARN_OBJC_IMPLICIT_RETAIN_SELF = YES;
				CLANG_WARN_OBJC_LITERAL_CONVERSION = YES;
				CLANG_WARN_OBJC_ROOT_CLASS = YES_ERROR;
				CLANG_WARN_QUOTED_INCLUDE_IN_FRAMEWORK_HEADER = YES;
				CLANG_WARN_RANGE_LOOP_ANALYSIS = YES;
				CLANG_WARN_STRICT_PROTOTYPES = YES;
				CLANG_WARN_SUSPICIOUS_MOVE = YES;
				CLANG_WARN_UNGUARDED_AVAILABILITY = YES_AGGRESSIVE;
				CLANG_WARN_UNREACHABLE_CODE = YES;
				CLANG_WARN__DUPLICATE_METHOD_MATCH = YES;
				COPY_PHASE_STRIP = NO;
				DEBUG_INFORMATION_FORMAT = dwarf;
				ENABLE_STRICT_OBJC_MSGSEND = YES;
				ENABLE_TESTABILITY = YES;
				ENABLE_USER_SCRIPT_SANDBOXING = YES;
				GCC_C_LANGUAGE_STANDARD = gnu17;
				GCC_DYNAMIC_NO_PIC = NO;
				GCC_NO_COMMON_BLOCKS = YES;
				GCC_OPTIMIZATION_LEVEL = 0;
				GCC_PREPROCESSOR_DEFINITIONS = (
					"DEBUG=1",
					"$(inherited)",
				);
				GCC_WARN_64_TO_32_BIT_CONVERSION = YES;
				GCC_WARN_ABOUT_RETURN_TYPE = YES_ERROR;
				GCC_WARN_UNDECLARED_SELECTOR = YES;
				GCC_WARN_UNINITIALIZED_AUTOS = YES_AGGRESSIVE;
				GCC_WARN_UNUSED_FUNCTION = YES;
				GCC_WARN_UNUSED_VARIABLE = YES;
				LOCALIZATION_PREFERS_STRING_CATALOGS = YES;
				MTL_ENABLE_DEBUG_INFO = INCLUDE_SOURCE;
				MTL_FAST_MATH = YES;
				ONLY_ACTIVE_ARCH = YES;
				SWIFT_ACTIVE_COMPILATION_CONDITIONS = "DEBUG $(inherited)";
				SWIFT_OPTIMIZATION_LEVEL = "-Onone";
			};
			name = Debug;
		};
		BD0A52192AAF97B4006BDB87 /* Release */ = {
			isa = XCBuildConfiguration;
			buildSettings = {
				ALWAYS_SEARCH_USER_PATHS = NO;
				ASSETCATALOG_COMPILER_GENERATE_SWIFT_ASSET_SYMBOL_EXTENSIONS = YES;
				CLANG_ANALYZER_NONNULL = YES;
				CLANG_ANALYZER_NUMBER_OBJECT_CONVERSION = YES_AGGRESSIVE;
				CLANG_CXX_LANGUAGE_STANDARD = "gnu++20";
				CLANG_ENABLE_MODULES = YES;
				CLANG_ENABLE_OBJC_ARC = YES;
				CLANG_ENABLE_OBJC_WEAK = YES;
				CLANG_WARN_BLOCK_CAPTURE_AUTORELEASING = YES;
				CLANG_WARN_BOOL_CONVERSION = YES;
				CLANG_WARN_COMMA = YES;
				CLANG_WARN_CONSTANT_CONVERSION = YES;
				CLANG_WARN_DEPRECATED_OBJC_IMPLEMENTATIONS = YES;
				CLANG_WARN_DIRECT_OBJC_ISA_USAGE = YES_ERROR;
				CLANG_WARN_DOCUMENTATION_COMMENTS = YES;
				CLANG_WARN_EMPTY_BODY = YES;
				CLANG_WARN_ENUM_CONVERSION = YES;
				CLANG_WARN_INFINITE_RECURSION = YES;
				CLANG_WARN_INT_CONVERSION = YES;
				CLANG_WARN_NON_LITERAL_NULL_CONVERSION = YES;
				CLANG_WARN_OBJC_IMPLICIT_RETAIN_SELF = YES;
				CLANG_WARN_OBJC_LITERAL_CONVERSION = YES;
				CLANG_WARN_OBJC_ROOT_CLASS = YES_ERROR;
				CLANG_WARN_QUOTED_INCLUDE_IN_FRAMEWORK_HEADER = YES;
				CLANG_WARN_RANGE_LOOP_ANALYSIS = YES;
				CLANG_WARN_STRICT_PROTOTYPES = YES;
				CLANG_WARN_SUSPICIOUS_MOVE = YES;
				CLANG_WARN_UNGUARDED_AVAILABILITY = YES_AGGRESSIVE;
				CLANG_WARN_UNREACHABLE_CODE = YES;
				CLANG_WARN__DUPLICATE_METHOD_MATCH = YES;
				COPY_PHASE_STRIP = NO;
				DEBUG_INFORMATION_FORMAT = "dwarf-with-dsym";
				ENABLE_NS_ASSERTIONS = NO;
				ENABLE_STRICT_OBJC_MSGSEND = YES;
				ENABLE_USER_SCRIPT_SANDBOXING = YES;
				GCC_C_LANGUAGE_STANDARD = gnu17;
				GCC_NO_COMMON_BLOCKS = YES;
				GCC_WARN_64_TO_32_BIT_CONVERSION = YES;
				GCC_WARN_ABOUT_RETURN_TYPE = YES_ERROR;
				GCC_WARN_UNDECLARED_SELECTOR = YES;
				GCC_WARN_UNINITIALIZED_AUTOS = YES_AGGRESSIVE;
				GCC_WARN_UNUSED_FUNCTION = YES;
				GCC_WARN_UNUSED_VARIABLE = YES;
				LOCALIZATION_PREFERS_STRING_CATALOGS = YES;
				MTL_ENABLE_DEBUG_INFO = NO;
				MTL_FAST_MATH = YES;
				SWIFT_COMPILATION_MODE = wholemodule;
			};
			name = Release;
		};
		BD0A521B2AAF97B4006BDB87 /* Debug */ = {
			isa = XCBuildConfiguration;
			buildSettings = {
				ASSETCATALOG_COMPILER_APPICON_NAME = AppIcon;
				ASSETCATALOG_COMPILER_GLOBAL_ACCENT_COLOR_NAME = AccentColor;
				CODE_SIGN_ENTITLEMENTS = test/test.entitlements;
				CODE_SIGN_STYLE = Automatic;
				CURRENT_PROJECT_VERSION = 1;
				DEVELOPMENT_ASSET_PATHS = "\"test/Preview Content\"";
				ENABLE_PREVIEWS = YES;
				GENERATE_INFOPLIST_FILE = YES;
				"INFOPLIST_KEY_UIApplicationSceneManifest_Generation[sdk=iphoneos*]" = YES;
				"INFOPLIST_KEY_UIApplicationSceneManifest_Generation[sdk=iphonesimulator*]" = YES;
				"INFOPLIST_KEY_UIApplicationSupportsIndirectInputEvents[sdk=iphoneos*]" = YES;
				"INFOPLIST_KEY_UIApplicationSupportsIndirectInputEvents[sdk=iphonesimulator*]" = YES;
				"INFOPLIST_KEY_UILaunchScreen_Generation[sdk=iphoneos*]" = YES;
				"INFOPLIST_KEY_UILaunchScreen_Generation[sdk=iphonesimulator*]" = YES;
				"INFOPLIST_KEY_UIStatusBarStyle[sdk=iphoneos*]" = UIStatusBarStyleDefault;
				"INFOPLIST_KEY_UIStatusBarStyle[sdk=iphonesimulator*]" = UIStatusBarStyleDefault;
				INFOPLIST_KEY_UISupportedInterfaceOrientations_iPad = "UIInterfaceOrientationPortrait UIInterfaceOrientationPortraitUpsideDown UIInterfaceOrientationLandscapeLeft UIInterfaceOrientationLandscapeRight";
				INFOPLIST_KEY_UISupportedInterfaceOrientations_iPhone = "UIInterfaceOrientationPortrait UIInterfaceOrientationLandscapeLeft UIInterfaceOrientationLandscapeRight";
				IPHONEOS_DEPLOYMENT_TARGET = 17.0;
				LD_RUNPATH_SEARCH_PATHS = "@executable_path/Frameworks";
				"LD_RUNPATH_SEARCH_PATHS[sdk=macosx*]" = "@executable_path/../Frameworks";
				MACOSX_DEPLOYMENT_TARGET = 14.0;
				MARKETING_VERSION = 1.0;
				PRODUCT_BUNDLE_IDENTIFIER = testtracy.test;
				PRODUCT_NAME = "$(TARGET_NAME)";
				SDKROOT = auto;
				SUPPORTED_PLATFORMS = "iphoneos iphonesimulator macosx";
				SWIFT_EMIT_LOC_STRINGS = YES;
				SWIFT_VERSION = 5.0;
				TARGETED_DEVICE_FAMILY = "1,2";
			};
			name = Debug;
		};
		BD0A521C2AAF97B4006BDB87 /* Release */ = {
			isa = XCBuildConfiguration;
			buildSettings = {
				ASSETCATALOG_COMPILER_APPICON_NAME = AppIcon;
				ASSETCATALOG_COMPILER_GLOBAL_ACCENT_COLOR_NAME = AccentColor;
				CODE_SIGN_ENTITLEMENTS = test/test.entitlements;
				CODE_SIGN_STYLE = Automatic;
				CURRENT_PROJECT_VERSION = 1;
				DEVELOPMENT_ASSET_PATHS = "\"test/Preview Content\"";
				ENABLE_PREVIEWS = YES;
				GENERATE_INFOPLIST_FILE = YES;
				"INFOPLIST_KEY_UIApplicationSceneManifest_Generation[sdk=iphoneos*]" = YES;
				"INFOPLIST_KEY_UIApplicationSceneManifest_Generation[sdk=iphonesimulator*]" = YES;
				"INFOPLIST_KEY_UIApplicationSupportsIndirectInputEvents[sdk=iphoneos*]" = YES;
				"INFOPLIST_KEY_UIApplicationSupportsIndirectInputEvents[sdk=iphonesimulator*]" = YES;
				"INFOPLIST_KEY_UILaunchScreen_Generation[sdk=iphoneos*]" = YES;
				"INFOPLIST_KEY_UILaunchScreen_Generation[sdk=iphonesimulator*]" = YES;
				"INFOPLIST_KEY_UIStatusBarStyle[sdk=iphoneos*]" = UIStatusBarStyleDefault;
				"INFOPLIST_KEY_UIStatusBarStyle[sdk=iphonesimulator*]" = UIStatusBarStyleDefault;
				INFOPLIST_KEY_UISupportedInterfaceOrientations_iPad = "UIInterfaceOrientationPortrait UIInterfaceOrientationPortraitUpsideDown UIInterfaceOrientationLandscapeLeft UIInterfaceOrientationLandscapeRight";
				INFOPLIST_KEY_UISupportedInterfaceOrientations_iPhone = "UIInterfaceOrientationPortrait UIInterfaceOrientationLandscapeLeft UIInterfaceOrientationLandscapeRight";
				IPHONEOS_DEPLOYMENT_TARGET = 17.0;
				LD_RUNPATH_SEARCH_PATHS = "@executable_path/Frameworks";
				"LD_RUNPATH_SEARCH_PATHS[sdk=macosx*]" = "@executable_path/../Frameworks";
				MACOSX_DEPLOYMENT_TARGET = 14.0;
				MARKETING_VERSION = 1.0;
				PRODUCT_BUNDLE_IDENTIFIER = testtracy.test;
				PRODUCT_NAME = "$(TARGET_NAME)";
				SDKROOT = auto;
				SUPPORTED_PLATFORMS = "iphoneos iphonesimulator macosx";
				SWIFT_EMIT_LOC_STRINGS = YES;
				SWIFT_VERSION = 5.0;
				TARGETED_DEVICE_FAMILY = "1,2";
			};
			name = Release;
		};
		BD0A521E2AAF97B4006BDB87 /* Debug */ = {
			isa = XCBuildConfiguration;
			buildSettings = {
				ALWAYS_EMBED_SWIFT_STANDARD_LIBRARIES = YES;
				BUNDLE_LOADER = "$(TEST_HOST)";
				CODE_SIGN_STYLE = Automatic;
				CURRENT_PROJECT_VERSION = 1;
				GENERATE_INFOPLIST_FILE = YES;
				IPHONEOS_DEPLOYMENT_TARGET = 17.0;
				MACOSX_DEPLOYMENT_TARGET = 13.4;
				MARKETING_VERSION = 1.0;
				PRODUCT_BUNDLE_IDENTIFIER = testtracy.testTests;
				PRODUCT_NAME = "$(TARGET_NAME)";
				SDKROOT = auto;
				SUPPORTED_PLATFORMS = "iphoneos iphonesimulator macosx";
				SWIFT_EMIT_LOC_STRINGS = NO;
				SWIFT_VERSION = 5.0;
				TARGETED_DEVICE_FAMILY = "1,2";
				TEST_HOST = "$(BUILT_PRODUCTS_DIR)/test.app/$(BUNDLE_EXECUTABLE_FOLDER_PATH)/test";
			};
			name = Debug;
		};
		BD0A521F2AAF97B4006BDB87 /* Release */ = {
			isa = XCBuildConfiguration;
			buildSettings = {
				ALWAYS_EMBED_SWIFT_STANDARD_LIBRARIES = YES;
				BUNDLE_LOADER = "$(TEST_HOST)";
				CODE_SIGN_STYLE = Automatic;
				CURRENT_PROJECT_VERSION = 1;
				GENERATE_INFOPLIST_FILE = YES;
				IPHONEOS_DEPLOYMENT_TARGET = 17.0;
				MACOSX_DEPLOYMENT_TARGET = 13.4;
				MARKETING_VERSION = 1.0;
				PRODUCT_BUNDLE_IDENTIFIER = testtracy.testTests;
				PRODUCT_NAME = "$(TARGET_NAME)";
				SDKROOT = auto;
				SUPPORTED_PLATFORMS = "iphoneos iphonesimulator macosx";
				SWIFT_EMIT_LOC_STRINGS = NO;
				SWIFT_VERSION = 5.0;
				TARGETED_DEVICE_FAMILY = "1,2";
				TEST_HOST = "$(BUILT_PRODUCTS_DIR)/test.app/$(BUNDLE_EXECUTABLE_FOLDER_PATH)/test";
			};
			name = Release;
		};
		BD0A52212AAF97B4006BDB87 /* Debug */ = {
			isa = XCBuildConfiguration;
			buildSettings = {
				ALWAYS_EMBED_SWIFT_STANDARD_LIBRARIES = YES;
				CODE_SIGN_STYLE = Automatic;
				CURRENT_PROJECT_VERSION = 1;
				GENERATE_INFOPLIST_FILE = YES;
				IPHONEOS_DEPLOYMENT_TARGET = 17.0;
				MACOSX_DEPLOYMENT_TARGET = 13.4;
				MARKETING_VERSION = 1.0;
				PRODUCT_BUNDLE_IDENTIFIER = testtracy.testUITests;
				PRODUCT_NAME = "$(TARGET_NAME)";
				SDKROOT = auto;
				SUPPORTED_PLATFORMS = "iphoneos iphonesimulator macosx";
				SWIFT_EMIT_LOC_STRINGS = NO;
				SWIFT_VERSION = 5.0;
				TARGETED_DEVICE_FAMILY = "1,2";
				TEST_TARGET_NAME = test;
			};
			name = Debug;
		};
		BD0A52222AAF97B4006BDB87 /* Release */ = {
			isa = XCBuildConfiguration;
			buildSettings = {
				ALWAYS_EMBED_SWIFT_STANDARD_LIBRARIES = YES;
				CODE_SIGN_STYLE = Automatic;
				CURRENT_PROJECT_VERSION = 1;
				GENERATE_INFOPLIST_FILE = YES;
				IPHONEOS_DEPLOYMENT_TARGET = 17.0;
				MACOSX_DEPLOYMENT_TARGET = 13.4;
				MARKETING_VERSION = 1.0;
				PRODUCT_BUNDLE_IDENTIFIER = testtracy.testUITests;
				PRODUCT_NAME = "$(TARGET_NAME)";
				SDKROOT = auto;
				SUPPORTED_PLATFORMS = "iphoneos iphonesimulator macosx";
				SWIFT_EMIT_LOC_STRINGS = NO;
				SWIFT_VERSION = 5.0;
				TARGETED_DEVICE_FAMILY = "1,2";
				TEST_TARGET_NAME = test;
			};
			name = Release;
		};
/* End XCBuildConfiguration section */

/* Begin XCConfigurationList section */
		BD0A51EE2AAF97B3006BDB87 /* Build configuration list for PBXProject "test" */ = {
			isa = XCConfigurationList;
			buildConfigurations = (
				BD0A52182AAF97B4006BDB87 /* Debug */,
				BD0A52192AAF97B4006BDB87 /* Release */,
			);
			defaultConfigurationIsVisible = 0;
			defaultConfigurationName = Release;
		};
		BD0A521A2AAF97B4006BDB87 /* Build configuration list for PBXNativeTarget "test" */ = {
			isa = XCConfigurationList;
			buildConfigurations = (
				BD0A521B2AAF97B4006BDB87 /* Debug */,
				BD0A521C2AAF97B4006BDB87 /* Release */,
			);
			defaultConfigurationIsVisible = 0;
			defaultConfigurationName = Release;
		};
		BD0A521D2AAF97B4006BDB87 /* Build configuration list for PBXNativeTarget "testTests" */ = {
			isa = XCConfigurationList;
			buildConfigurations = (
				BD0A521E2AAF97B4006BDB87 /* Debug */,
				BD0A521F2AAF97B4006BDB87 /* Release */,
			);
			defaultConfigurationIsVisible = 0;
			defaultConfigurationName = Release;
		};
		BD0A52202AAF97B4006BDB87 /* Build configuration list for PBXNativeTarget "testUITests" */ = {
			isa = XCConfigurationList;
			buildConfigurations = (
				BD0A52212AAF97B4006BDB87 /* Debug */,
				BD0A52222AAF97B4006BDB87 /* Release */,
			);
			defaultConfigurationIsVisible = 0;
			defaultConfigurationName = Release;
		};
/* End XCConfigurationList section */
	};
	rootObject = BD0A51EB2AAF97B3006BDB87 /* Project object */;
}
